
Microsoft Visual Studio Solution File, Format Version 12.00
# Visual Studio Version 17
VisualStudioVersion = 17.5.002.0
MinimumVisualStudioVersion = 10.0.40219.1
Project("{9A19103F-16F7-4668-BE54-9A1E7A4F7556}") = "RazorPageDeneme", "RazorPageDeneme.csproj", "{EA1C6D79-B30D-401C-93DC-D51569F9E3BC}"
EndProject
Global
	GlobalSection(SolutionConfigurationPlatforms) = preSolution
		Debug|Any CPU = Debug|Any CPU
		Release|Any CPU = Release|Any CPU
	EndGlobalSection
	GlobalSection(ProjectConfigurationPlatforms) = postSolution
		{EA1C6D79-B30D-401C-93DC-D51569F9E3BC}.Debug|Any CPU.ActiveCfg = Debug|Any CPU
		{EA1C6D79-B30D-401C-93DC-D51569F9E3BC}.Debug|Any CPU.Build.0 = Debug|Any CPU
		{EA1C6D79-B30D-401C-93DC-D51569F9E3BC}.Release|Any CPU.ActiveCfg = Release|Any CPU
		{EA1C6D79-B30D-401C-93DC-D51569F9E3BC}.Release|Any CPU.Build.0 = Release|Any CPU
	EndGlobalSection
	GlobalSection(SolutionProperties) = preSolution
		HideSolutionNode = FALSE
	EndGlobalSection
	GlobalSection(ExtensibilityGlobals) = postSolution
		SolutionGuid = {5FD72608-B68D-423A-A2B2-86C1AFCAA95A}
	EndGlobalSection
EndGlobal
